// !$*UTF8*$!
{
	archiveVersion = 1;
	classes = {
	};
	objectVersion = 77;
	objects = {

/* Begin PBXBuildFile section */
		A93413DB2E7FFA08009BF9F8 /* README.md in Resources */ = {isa = PBXBuildFile; fileRef = A93413DA2E7FF9FF009BF9F8 /* README.md */; };
/* End PBXBuildFile section */

/* Begin PBXContainerItemProxy section */
		A93413B62E7FEE04009BF9F8 /* PBXContainerItemProxy */ = {
			isa = PBXContainerItemProxy;
			containerPortal = A93413A02E7FEE03009BF9F8 /* Project object */;
			proxyType = 1;
			remoteGlobalIDString = A93413A72E7FEE03009BF9F8;
			remoteInfo = BDDNativeTestDemo;
		};
		A93413C02E7FEE04009BF9F8 /* PBXContainerItemProxy */ = {
			isa = PBXContainerItemProxy;
			containerPortal = A93413A02E7FEE03009BF9F8 /* Project object */;
			proxyType = 1;
			remoteGlobalIDString = A93413A72E7FEE03009BF9F8;
			remoteInfo = BDDNativeTestDemo;
		};
/* End PBXContainerItemProxy section */

/* Begin PBXFileReference section */
		A93413A82E7FEE03009BF9F8 /* BDDNativeTestDemo.app */ = {isa = PBXFileReference; explicitFileType = wrapper.application; includeInIndex = 0; path = BDDNativeTestDemo.app; sourceTree = BUILT_PRODUCTS_DIR; };
		A93413B52E7FEE04009BF9F8 /* BDDNativeTestDemoTests.xctest */ = {isa = PBXFileReference; explicitFileType = wrapper.cfbundle; includeInIndex = 0; path = BDDNativeTestDemoTests.xctest; sourceTree = BUILT_PRODUCTS_DIR; };
		A93413BF2E7FEE04009BF9F8 /* BDDNativeTestDemoUITests.xctest */ = {isa = PBXFileReference; explicitFileType = wrapper.cfbundle; includeInIndex = 0; path = BDDNativeTestDemoUITests.xctest; sourceTree = BUILT_PRODUCTS_DIR; };
		A93413DA2E7FF9FF009BF9F8 /* README.md */ = {isa = PBXFileReference; lastKnownFileType = net.daringfireball.markdown; path = README.md; sourceTree = "<group>"; };
/* End PBXFileReference section */

/* Begin PBXFileSystemSynchronizedRootGroup section */
		A93413AA2E7FEE03009BF9F8 /* BDDNativeTestDemo */ = {
			isa = PBXFileSystemSynchronizedRootGroup;
			path = BDDNativeTestDemo;
			sourceTree = "<group>";
		};
		A93413B82E7FEE04009BF9F8 /* BDDNativeTestDemoTests */ = {
			isa = PBXFileSystemSynchronizedRootGroup;
			path = BDDNativeTestDemoTests;
			sourceTree = "<group>";
		};
		A93413C22E7FEE04009BF9F8 /* BDDNativeTestDemoUITests */ = {
			isa = PBXFileSystemSynchronizedRootGroup;
			path = BDDNativeTestDemoUITests;
			sourceTree = "<group>";
		};
/* End PBXFileSystemSynchronizedRootGroup section */

/* Begin PBXFrameworksBuildPhase section */
		A93413A52E7FEE03009BF9F8 /* Frameworks */ = {
			isa = PBXFrameworksBuildPhase;
			buildActionMask = 2147483647;
			files = (
			);
			runOnlyForDeploymentPostprocessing = 0;
		};
		A93413B22E7FEE04009BF9F8 /* Frameworks */ = {
			isa = PBXFrameworksBuildPhase;
			buildActionMask = 2147483647;
			files = (
			);
			runOnlyForDeploymentPostprocessing = 0;
		};
		A93413BC2E7FEE04009BF9F8 /* Frameworks */ = {
			isa = PBXFrameworksBuildPhase;
			buildActionMask = 2147483647;
			files = (
			);
			runOnlyForDeploymentPostprocessing = 0;
		};
/* End PBXFrameworksBuildPhase section */

/* Begin PBXGroup section */
		A934139F2E7FEE03009BF9F8 = {
			isa = PBXGroup;
			children = (
				A93413DA2E7FF9FF009BF9F8 /* README.md */,
				A93413AA2E7FEE03009BF9F8 /* BDDNativeTestDemo */,
				A93413B82E7FEE04009BF9F8 /* BDDNativeTestDemoTests */,
				A93413C22E7FEE04009BF9F8 /* BDDNativeTestDemoUITests */,
				A93413A92E7FEE03009BF9F8 /* Products */,
			);
			sourceTree = "<group>";
		};
		A93413A92E7FEE03009BF9F8 /* Products */ = {
			isa = PBXGroup;
			children = (
				A93413A82E7FEE03009BF9F8 /* BDDNativeTestDemo.app */,
				A93413B52E7FEE04009BF9F8 /* BDDNativeTestDemoTests.xctest */,
				A93413BF2E7FEE04009BF9F8 /* BDDNativeTestDemoUITests.xctest */,
			);
			name = Products;
			sourceTree = "<group>";
		};
/* End PBXGroup section */

/* Begin PBXNativeTarget section */
		A93413A72E7FEE03009BF9F8 /* BDDNativeTestDemo */ = {
			isa = PBXNativeTarget;
			buildConfigurationList = A93413C92E7FEE04009BF9F8 /* Build configuration list for PBXNativeTarget "BDDNativeTestDemo" */;
			buildPhases = (
				A93413A42E7FEE03009BF9F8 /* Sources */,
				A93413A52E7FEE03009BF9F8 /* Frameworks */,
				A93413A62E7FEE03009BF9F8 /* Resources */,
			);
			buildRules = (
			);
			dependencies = (
			);
			fileSystemSynchronizedGroups = (
				A93413AA2E7FEE03009BF9F8 /* BDDNativeTestDemo */,
			);
			name = BDDNativeTestDemo;
			packageProductDependencies = (
			);
			productName = BDDNativeTestDemo;
			productReference = A93413A82E7FEE03009BF9F8 /* BDDNativeTestDemo.app */;
			productType = "com.apple.product-type.application";
		};
		A93413B42E7FEE04009BF9F8 /* BDDNativeTestDemoTests */ = {
			isa = PBXNativeTarget;
			buildConfigurationList = A93413CC2E7FEE04009BF9F8 /* Build configuration list for PBXNativeTarget "BDDNativeTestDemoTests" */;
			buildPhases = (
				A93413B12E7FEE04009BF9F8 /* Sources */,
				A93413B22E7FEE04009BF9F8 /* Frameworks */,
				A93413B32E7FEE04009BF9F8 /* Resources */,
			);
			buildRules = (
			);
			dependencies = (
				A93413B72E7FEE04009BF9F8 /* PBXTargetDependency */,
			);
			fileSystemSynchronizedGroups = (
				A93413B82E7FEE04009BF9F8 /* BDDNativeTestDemoTests */,
			);
			name = BDDNativeTestDemoTests;
			packageProductDependencies = (
			);
			productName = BDDNativeTestDemoTests;
			productReference = A93413B52E7FEE04009BF9F8 /* BDDNativeTestDemoTests.xctest */;
			productType = "com.apple.product-type.bundle.unit-test";
		};
		A93413BE2E7FEE04009BF9F8 /* BDDNativeTestDemoUITests */ = {
			isa = PBXNativeTarget;
			buildConfigurationList = A93413CF2E7FEE04009BF9F8 /* Build configuration list for PBXNativeTarget "BDDNativeTestDemoUITests" */;
			buildPhases = (
				A93413BB2E7FEE04009BF9F8 /* Sources */,
				A93413BC2E7FEE04009BF9F8 /* Frameworks */,
				A93413BD2E7FEE04009BF9F8 /* Resources */,
			);
			buildRules = (
			);
			dependencies = (
				A93413C12E7FEE04009BF9F8 /* PBXTargetDependency */,
			);
			fileSystemSynchronizedGroups = (
				A93413C22E7FEE04009BF9F8 /* BDDNativeTestDemoUITests */,
			);
			name = BDDNativeTestDemoUITests;
			packageProductDependencies = (
			);
			productName = BDDNativeTestDemoUITests;
			productReference = A93413BF2E7FEE04009BF9F8 /* BDDNativeTestDemoUITests.xctest */;
			productType = "com.apple.product-type.bundle.ui-testing";
		};
/* End PBXNativeTarget section */

/* Begin PBXProject section */
		A93413A02E7FEE03009BF9F8 /* Project object */ = {
			isa = PBXProject;
			attributes = {
				BuildIndependentTargetsInParallel = 1;
				LastSwiftUpdateCheck = 1640;
				LastUpgradeCheck = 1640;
				TargetAttributes = {
					A93413A72E7FEE03009BF9F8 = {
						CreatedOnToolsVersion = 16.4;
					};
					A93413B42E7FEE04009BF9F8 = {
						CreatedOnToolsVersion = 16.4;
						TestTargetID = A93413A72E7FEE03009BF9F8;
					};
					A93413BE2E7FEE04009BF9F8 = {
						CreatedOnToolsVersion = 16.4;
						TestTargetID = A93413A72E7FEE03009BF9F8;
					};
				};
			};
			buildConfigurationList = A93413A32E7FEE03009BF9F8 /* Build configuration list for PBXProject "BDDNativeTestDemo" */;
			developmentRegion = en;
			hasScannedForEncodings = 0;
			knownRegions = (
				en,
				Base,
			);
			mainGroup = A934139F2E7FEE03009BF9F8;
			minimizedProjectReferenceProxies = 1;
			preferredProjectObjectVersion = 77;
			productRefGroup = A93413A92E7FEE03009BF9F8 /* Products */;
			projectDirPath = "";
			projectRoot = "";
			targets = (
				A93413A72E7FEE03009BF9F8 /* BDDNativeTestDemo */,
				A93413B42E7FEE04009BF9F8 /* BDDNativeTestDemoTests */,
				A93413BE2E7FEE04009BF9F8 /* BDDNativeTestDemoUITests */,
			);
		};
/* End PBXProject section */

/* Begin PBXResourcesBuildPhase section */
		A93413A62E7FEE03009BF9F8 /* Resources */ = {
			isa = PBXResourcesBuildPhase;
			buildActionMask = 2147483647;
			files = (
				A93413DB2E7FFA08009BF9F8 /* README.md in Resources */,
			);
			runOnlyForDeploymentPostprocessing = 0;
		};
		A93413B32E7FEE04009BF9F8 /* Resources */ = {
			isa = PBXResourcesBuildPhase;
			buildActionMask = 2147483647;
			files = (
			);
			runOnlyForDeploymentPostprocessing = 0;
		};
		A93413BD2E7FEE04009BF9F8 /* Resources */ = {
			isa = PBXResourcesBuildPhase;
			buildActionMask = 2147483647;
			files = (
			);
			runOnlyForDeploymentPostprocessing = 0;
		};
/* End PBXResourcesBuildPhase section */

/* Begin PBXSourcesBuildPhase section */
		A93413A42E7FEE03009BF9F8 /* Sources */ = {
			isa = PBXSourcesBuildPhase;
			buildActionMask = 2147483647;
			files = (
			);
			runOnlyForDeploymentPostprocessing = 0;
		};
		A93413B12E7FEE04009BF9F8 /* Sources */ = {
			isa = PBXSourcesBuildPhase;
			buildActionMask = 2147483647;
			files = (
			);
			runOnlyForDeploymentPostprocessing = 0;
		};
		A93413BB2E7FEE04009BF9F8 /* Sources */ = {
			isa = PBXSourcesBuildPhase;
			buildActionMask = 2147483647;
			files = (
			);
			runOnlyForDeploymentPostprocessing = 0;
		};
/* End PBXSourcesBuildPhase section */

/* Begin PBXTargetDependency section */
		A93413B72E7FEE04009BF9F8 /* PBXTargetDependency */ = {
			isa = PBXTargetDependency;
			target = A93413A72E7FEE03009BF9F8 /* BDDNativeTestDemo */;
			targetProxy = A93413B62E7FEE04009BF9F8 /* PBXContainerItemProxy */;
		};
		A93413C12E7FEE04009BF9F8 /* PBXTargetDependency */ = {
			isa = PBXTargetDependency;
			target = A93413A72E7FEE03009BF9F8 /* BDDNativeTestDemo */;
			targetProxy = A93413C02E7FEE04009BF9F8 /* PBXContainerItemProxy */;
		};
/* End PBXTargetDependency section */

/* Begin XCBuildConfiguration section */
		A93413C72E7FEE04009BF9F8 /* Debug */ = {
			isa = XCBuildConfiguration;
			buildSettings = {
				ALWAYS_SEARCH_USER_PATHS = NO;
				ASSETCATALOG_COMPILER_GENERATE_SWIFT_ASSET_SYMBOL_EXTENSIONS = YES;
				CLANG_ANALYZER_NONNULL = YES;
				CLANG_ANALYZER_NUMBER_OBJECT_CONVERSION = YES_AGGRESSIVE;
				CLANG_CXX_LANGUAGE_STANDARD = "gnu++20";
				CLANG_ENABLE_MODULES = YES;
				CLANG_ENABLE_OBJC_ARC = YES;
				CLANG_ENABLE_OBJC_WEAK = YES;
				CLANG_WARN_BLOCK_CAPTURE_AUTORELEASING = YES;
				CLANG_WARN_BOOL_CONVERSION = YES;
				CLANG_WARN_COMMA = YES;
				CLANG_WARN_CONSTANT_CONVERSION = YES;
				CLANG_WARN_DEPRECATED_OBJC_IMPLEMENTATIONS = YES;
				CLANG_WARN_DIRECT_OBJC_ISA_USAGE = YES_ERROR;
				CLANG_WARN_DOCUMENTATION_COMMENTS = YES;
				CLANG_WARN_EMPTY_BODY = YES;
				CLANG_WARN_ENUM_CONVERSION = YES;
				CLANG_WARN_INFINITE_RECURSION = YES;
				CLANG_WARN_INT_CONVERSION = YES;
				CLANG_WARN_NON_LITERAL_NULL_CONVERSION = YES;
				CLANG_WARN_OBJC_IMPLICIT_RETAIN_SELF = YES;
				CLANG_WARN_OBJC_LITERAL_CONVERSION = YES;
				CLANG_WARN_OBJC_ROOT_CLASS = YES_ERROR;
				CLANG_WARN_QUOTED_INCLUDE_IN_FRAMEWORK_HEADER = YES;
				CLANG_WARN_RANGE_LOOP_ANALYSIS = YES;
				CLANG_WARN_STRICT_PROTOTYPES = YES;
				CLANG_WARN_SUSPICIOUS_MOVE = YES;
				CLANG_WARN_UNGUARDED_AVAILABILITY = YES_AGGRESSIVE;
				CLANG_WARN_UNREACHABLE_CODE = YES;
				CLANG_WARN__DUPLICATE_METHOD_MATCH = YES;
				COPY_PHASE_STRIP = NO;
				DEBUG_INFORMATION_FORMAT = dwarf;
				ENABLE_STRICT_OBJC_MSGSEND = YES;
				ENABLE_TESTABILITY = YES;
				ENABLE_USER_SCRIPT_SANDBOXING = YES;
				GCC_C_LANGUAGE_STANDARD = gnu17;
				GCC_DYNAMIC_NO_PIC = NO;
				GCC_NO_COMMON_BLOCKS = YES;
				GCC_OPTIMIZATION_LEVEL = 0;
				GCC_PREPROCESSOR_DEFINITIONS = (
					"DEBUG=1",
					"$(inherited)",
				);
				GCC_WARN_64_TO_32_BIT_CONVERSION = YES;
				GCC_WARN_ABOUT_RETURN_TYPE = YES_ERROR;
				GCC_WARN_UNDECLARED_SELECTOR = YES;
				GCC_WARN_UNINITIALIZED_AUTOS = YES_AGGRESSIVE;
				GCC_WARN_UNUSED_FUNCTION = YES;
				GCC_WARN_UNUSED_VARIABLE = YES;
				IPHONEOS_DEPLOYMENT_TARGET = 18.5;
				LOCALIZATION_PREFERS_STRING_CATALOGS = YES;
				MTL_ENABLE_DEBUG_INFO = INCLUDE_SOURCE;
				MTL_FAST_MATH = YES;
				ONLY_ACTIVE_ARCH = YES;
				SDKROOT = iphoneos;
				SWIFT_ACTIVE_COMPILATION_CONDITIONS = "DEBUG $(inherited)";
				SWIFT_OPTIMIZATION_LEVEL = "-Onone";
			};
			name = Debug;
		};
		A93413C82E7FEE04009BF9F8 /* Release */ = {
			isa = XCBuildConfiguration;
			buildSettings = {
				ALWAYS_SEARCH_USER_PATHS = NO;
				ASSETCATALOG_COMPILER_GENERATE_SWIFT_ASSET_SYMBOL_EXTENSIONS = YES;
				CLANG_ANALYZER_NONNULL = YES;
				CLANG_ANALYZER_NUMBER_OBJECT_CONVERSION = YES_AGGRESSIVE;
				CLANG_CXX_LANGUAGE_STANDARD = "gnu++20";
				CLANG_ENABLE_MODULES = YES;
				CLANG_ENABLE_OBJC_ARC = YES;
				CLANG_ENABLE_OBJC_WEAK = YES;
				CLANG_WARN_BLOCK_CAPTURE_AUTORELEASING = YES;
				CLANG_WARN_BOOL_CONVERSION = YES;
				CLANG_WARN_COMMA = YES;
				CLANG_WARN_CONSTANT_CONVERSION = YES;
				CLANG_WARN_DEPRECATED_OBJC_IMPLEMENTATIONS = YES;
				CLANG_WARN_DIRECT_OBJC_ISA_USAGE = YES_ERROR;
				CLANG_WARN_DOCUMENTATION_COMMENTS = YES;
				CLANG_WARN_EMPTY_BODY = YES;
				CLANG_WARN_ENUM_CONVERSION = YES;
				CLANG_WARN_INFINITE_RECURSION = YES;
				CLANG_WARN_INT_CONVERSION = YES;
				CLANG_WARN_NON_LITERAL_NULL_CONVERSION = YES;
				CLANG_WARN_OBJC_IMPLICIT_RETAIN_SELF = YES;
				CLANG_WARN_OBJC_LITERAL_CONVERSION = YES;
				CLANG_WARN_OBJC_ROOT_CLASS = YES_ERROR;
				CLANG_WARN_QUOTED_INCLUDE_IN_FRAMEWORK_HEADER = YES;
				CLANG_WARN_RANGE_LOOP_ANALYSIS = YES;
				CLANG_WARN_STRICT_PROTOTYPES = YES;
				CLANG_WARN_SUSPICIOUS_MOVE = YES;
				CLANG_WARN_UNGUARDED_AVAILABILITY = YES_AGGRESSIVE;
				CLANG_WARN_UNREACHABLE_CODE = YES;
				CLANG_WARN__DUPLICATE_METHOD_MATCH = YES;
				COPY_PHASE_STRIP = NO;
				DEBUG_INFORMATION_FORMAT = "dwarf-with-dsym";
				ENABLE_NS_ASSERTIONS = NO;
				ENABLE_STRICT_OBJC_MSGSEND = YES;
				ENABLE_USER_SCRIPT_SANDBOXING = YES;
				GCC_C_LANGUAGE_STANDARD = gnu17;
				GCC_NO_COMMON_BLOCKS = YES;
				GCC_WARN_64_TO_32_BIT_CONVERSION = YES;
				GCC_WARN_ABOUT_RETURN_TYPE = YES_ERROR;
				GCC_WARN_UNDECLARED_SELECTOR = YES;
				GCC_WARN_UNINITIALIZED_AUTOS = YES_AGGRESSIVE;
				GCC_WARN_UNUSED_FUNCTION = YES;
				GCC_WARN_UNUSED_VARIABLE = YES;
				IPHONEOS_DEPLOYMENT_TARGET = 18.5;
				LOCALIZATION_PREFERS_STRING_CATALOGS = YES;
				MTL_ENABLE_DEBUG_INFO = NO;
				MTL_FAST_MATH = YES;
				SDKROOT = iphoneos;
				SWIFT_COMPILATION_MODE = wholemodule;
				VALIDATE_PRODUCT = YES;
			};
			name = Release;
		};
		A93413CA2E7FEE04009BF9F8 /* Debug */ = {
			isa = XCBuildConfiguration;
			buildSettings = {
				ASSETCATALOG_COMPILER_APPICON_NAME = AppIcon;
				ASSETCATALOG_COMPILER_GLOBAL_ACCENT_COLOR_NAME = AccentColor;
				CODE_SIGN_STYLE = Automatic;
				CURRENT_PROJECT_VERSION = 1;
				ENABLE_PREVIEWS = YES;
				GENERATE_INFOPLIST_FILE = YES;
				INFOPLIST_KEY_UIApplicationSceneManifest_Generation = YES;
				INFOPLIST_KEY_UIApplicationSupportsIndirectInputEvents = YES;
				INFOPLIST_KEY_UILaunchScreen_Generation = YES;
				INFOPLIST_KEY_UISupportedInterfaceOrientations_iPad = "UIInterfaceOrientationPortrait UIInterfaceOrientationPortraitUpsideDown UIInterfaceOrientationLandscapeLeft UIInterfaceOrientationLandscapeRight";
				INFOPLIST_KEY_UISupportedInterfaceOrientations_iPhone = "UIInterfaceOrientationPortrait UIInterfaceOrientationLandscapeLeft UIInterfaceOrientationLandscapeRight";
				LD_RUNPATH_SEARCH_PATHS = (
					"$(inherited)",
					"@executable_path/Frameworks",
				);
				MARKETING_VERSION = 1.0;
				PRODUCT_BUNDLE_IDENTIFIER = watson.BDDNativeTestDemo;
				PRODUCT_NAME = "$(TARGET_NAME)";
				SWIFT_EMIT_LOC_STRINGS = YES;
				SWIFT_VERSION = 5.0;
				TARGETED_DEVICE_FAMILY = "1,2";
			};
			name = Debug;
		};
		A93413CB2E7FEE04009BF9F8 /* Release */ = {
			isa = XCBuildConfiguration;
			buildSettings = {
				ASSETCATALOG_COMPILER_APPICON_NAME = AppIcon;
				ASSETCATALOG_COMPILER_GLOBAL_ACCENT_COLOR_NAME = AccentColor;
				CODE_SIGN_STYLE = Automatic;
				CURRENT_PROJECT_VERSION = 1;
				ENABLE_PREVIEWS = YES;
				GENERATE_INFOPLIST_FILE = YES;
				INFOPLIST_KEY_UIApplicationSceneManifest_Generation = YES;
				INFOPLIST_KEY_UIApplicationSupportsIndirectInputEvents = YES;
				INFOPLIST_KEY_UILaunchScreen_Generation = YES;
				INFOPLIST_KEY_UISupportedInterfaceOrientations_iPad = "UIInterfaceOrientationPortrait UIInterfaceOrientationPortraitUpsideDown UIInterfaceOrientationLandscapeLeft UIInterfaceOrientationLandscapeRight";
				INFOPLIST_KEY_UISupportedInterfaceOrientations_iPhone = "UIInterfaceOrientationPortrait UIInterfaceOrientationLandscapeLeft UIInterfaceOrientationLandscapeRight";
				LD_RUNPATH_SEARCH_PATHS = (
					"$(inherited)",
					"@executable_path/Frameworks",
				);
				MARKETING_VERSION = 1.0;
				PRODUCT_BUNDLE_IDENTIFIER = watson.BDDNativeTestDemo;
				PRODUCT_NAME = "$(TARGET_NAME)";
				SWIFT_EMIT_LOC_STRINGS = YES;
				SWIFT_VERSION = 5.0;
				TARGETED_DEVICE_FAMILY = "1,2";
			};
			name = Release;
		};
		A93413CD2E7FEE04009BF9F8 /* Debug */ = {
			isa = XCBuildConfiguration;
			buildSettings = {
				BUNDLE_LOADER = "$(TEST_HOST)";
				CODE_SIGN_STYLE = Automatic;
				CURRENT_PROJECT_VERSION = 1;
				GENERATE_INFOPLIST_FILE = YES;
				IPHONEOS_DEPLOYMENT_TARGET = 18.5;
				MARKETING_VERSION = 1.0;
				PRODUCT_BUNDLE_IDENTIFIER = watson.BDDNativeTestDemoTests;
				PRODUCT_NAME = "$(TARGET_NAME)";
				SWIFT_EMIT_LOC_STRINGS = NO;
				SWIFT_VERSION = 5.0;
				TARGETED_DEVICE_FAMILY = "1,2";
				TEST_HOST = "$(BUILT_PRODUCTS_DIR)/BDDNativeTestDemo.app/$(BUNDLE_EXECUTABLE_FOLDER_PATH)/BDDNativeTestDemo";
			};
			name = Debug;
		};
		A93413CE2E7FEE04009BF9F8 /* Release */ = {
			isa = XCBuildConfiguration;
			buildSettings = {
				BUNDLE_LOADER = "$(TEST_HOST)";
				CODE_SIGN_STYLE = Automatic;
				CURRENT_PROJECT_VERSION = 1;
				GENERATE_INFOPLIST_FILE = YES;
				IPHONEOS_DEPLOYMENT_TARGET = 18.5;
				MARKETING_VERSION = 1.0;
				PRODUCT_BUNDLE_IDENTIFIER = watson.BDDNativeTestDemoTests;
				PRODUCT_NAME = "$(TARGET_NAME)";
				SWIFT_EMIT_LOC_STRINGS = NO;
				SWIFT_VERSION = 5.0;
				TARGETED_DEVICE_FAMILY = "1,2";
				TEST_HOST = "$(BUILT_PRODUCTS_DIR)/BDDNativeTestDemo.app/$(BUNDLE_EXECUTABLE_FOLDER_PATH)/BDDNativeTestDemo";
			};
			name = Release;
		};
		A93413D02E7FEE04009BF9F8 /* Debug */ = {
			isa = XCBuildConfiguration;
			buildSettings = {
				CODE_SIGN_STYLE = Automatic;
				CURRENT_PROJECT_VERSION = 1;
				GENERATE_INFOPLIST_FILE = YES;
				MARKETING_VERSION = 1.0;
				PRODUCT_BUNDLE_IDENTIFIER = watson.BDDNativeTestDemoUITests;
				PRODUCT_NAME = "$(TARGET_NAME)";
				SWIFT_EMIT_LOC_STRINGS = NO;
				SWIFT_VERSION = 5.0;
				TARGETED_DEVICE_FAMILY = "1,2";
				TEST_TARGET_NAME = BDDNativeTestDemo;
			};
			name = Debug;
		};
		A93413D12E7FEE04009BF9F8 /* Release */ = {
			isa = XCBuildConfiguration;
			buildSettings = {
				CODE_SIGN_STYLE = Automatic;
				CURRENT_PROJECT_VERSION = 1;
				GENERATE_INFOPLIST_FILE = YES;
				MARKETING_VERSION = 1.0;
				PRODUCT_BUNDLE_IDENTIFIER = watson.BDDNativeTestDemoUITests;
				PRODUCT_NAME = "$(TARGET_NAME)";
				SWIFT_EMIT_LOC_STRINGS = NO;
				SWIFT_VERSION = 5.0;
				TARGETED_DEVICE_FAMILY = "1,2";
				TEST_TARGET_NAME = BDDNativeTestDemo;
			};
			name = Release;
		};
/* End XCBuildConfiguration section */

/* Begin XCConfigurationList section */
		A93413A32E7FEE03009BF9F8 /* Build configuration list for PBXProject "BDDNativeTestDemo" */ = {
			isa = XCConfigurationList;
			buildConfigurations = (
				A93413C72E7FEE04009BF9F8 /* Debug */,
				A93413C82E7FEE04009BF9F8 /* Release */,
			);
			defaultConfigurationIsVisible = 0;
			defaultConfigurationName = Release;
		};
		A93413C92E7FEE04009BF9F8 /* Build configuration list for PBXNativeTarget "BDDNativeTestDemo" */ = {
			isa = XCConfigurationList;
			buildConfigurations = (
				A93413CA2E7FEE04009BF9F8 /* Debug */,
				A93413CB2E7FEE04009BF9F8 /* Release */,
			);
			defaultConfigurationIsVisible = 0;
			defaultConfigurationName = Release;
		};
		A93413CC2E7FEE04009BF9F8 /* Build configuration list for PBXNativeTarget "BDDNativeTestDemoTests" */ = {
			isa = XCConfigurationList;
			buildConfigurations = (
				A93413CD2E7FEE04009BF9F8 /* Debug */,
				A93413CE2E7FEE04009BF9F8 /* Release */,
			);
			defaultConfigurationIsVisible = 0;
			defaultConfigurationName = Release;
		};
		A93413CF2E7FEE04009BF9F8 /* Build configuration list for PBXNativeTarget "BDDNativeTestDemoUITests" */ = {
			isa = XCConfigurationList;
			buildConfigurations = (
				A93413D02E7FEE04009BF9F8 /* Debug */,
				A93413D12E7FEE04009BF9F8 /* Release */,
			);
			defaultConfigurationIsVisible = 0;
			defaultConfigurationName = Release;
		};
/* End XCConfigurationList section */
	};
	rootObject = A93413A02E7FEE03009BF9F8 /* Project object */;
}
